<?xml version="1.0" encoding="UTF-8" standalone="yes" ?>
<CodeBlocks_project_file>
	<FileVersion major="1" minor="6" />
	<Project>
		<Option title="El error de laaeb" />
		<Option pch_mode="2" />
		<Option compiler="gcc" />
		<Build>
			<Target title="Debug">
				<Option output="bin/Debug/El error de laaeb" prefix_auto="1" extension_auto="1" />
				<Option object_output="obj/Debug/" />
				<Option type="1" />
				<Option compiler="gcc" />
				<Compiler>
					<Add option="-g" />
				</Compiler>
			</Target>
			<Target title="Release">
				<Option output="bin/Release/El error de laaeb" prefix_auto="1" extension_auto="1" />
				<Option object_output="obj/Release/" />
				<Option type="1" />
				<Option compiler="gcc" />
				<Compiler>
					<Add option="-O2" />
				</Compiler>
				<Linker>
					<Add option="-s" />
				</Linker>
			</Target>
		</Build>
		<Compiler>
			<Add option="-Wall" />
			<Add option="-fexceptions" />
		</Compiler>
		<Unit filename="Equipo.cpp" />
		<Unit filename="Equipo.h" />
		<Unit filename="Mundial.cpp" />
		<Unit filename="Mundial.h" />
		<Unit filename="defs.h" />
		<Unit filename="equipos.txt" />
		<Unit filename="fase.cpp" />
		<Unit filename="fase.h" />
		<Unit filename="lista.h" />
		<Unit filename="main.cpp" />
		<Unit filename="resultados2.csv" />
		<Unit filename="utils.cpp" />
		<Unit filename="utils.h" />
		<Extensions />
	</Project>
</CodeBlocks_project_file>
